// !$*UTF8*$!
{
	archiveVersion = 1;
	classes = {
	};
	objectVersion = 46;
	objects = {

/* Begin PBXBuildFile section */
		022AB8271DF27EB40063C2A1 /* _OALayoutGuide.m in Sources */ = {isa = PBXBuildFile; fileRef = 022AB8151DF27EB40063C2A1 /* _OALayoutGuide.m */; };
		022AB8281DF27EB40063C2A1 /* OAStackView.m in Sources */ = {isa = PBXBuildFile; fileRef = 022AB8171DF27EB40063C2A1 /* OAStackView.m */; };
		022AB8291DF27EB40063C2A1 /* OAStackView+Constraint.m in Sources */ = {isa = PBXBuildFile; fileRef = 022AB8191DF27EB40063C2A1 /* OAStackView+Constraint.m */; };
		022AB82A1DF27EB40063C2A1 /* OAStackView+Hiding.m in Sources */ = {isa = PBXBuildFile; fileRef = 022AB81B1DF27EB40063C2A1 /* OAStackView+Hiding.m */; };
		022AB82B1DF27EB40063C2A1 /* OAStackView+Traversal.m in Sources */ = {isa = PBXBuildFile; fileRef = 022AB81D1DF27EB40063C2A1 /* OAStackView+Traversal.m */; };
		022AB82C1DF27EB40063C2A1 /* OAStackViewAlignmentStrategy.m in Sources */ = {isa = PBXBuildFile; fileRef = 022AB81F1DF27EB40063C2A1 /* OAStackViewAlignmentStrategy.m */; };
		022AB82D1DF27EB40063C2A1 /* OAStackViewAlignmentStrategyBaseline.m in Sources */ = {isa = PBXBuildFile; fileRef = 022AB8211DF27EB40063C2A1 /* OAStackViewAlignmentStrategyBaseline.m */; };
		022AB82E1DF27EB40063C2A1 /* OAStackViewDistributionStrategy.m in Sources */ = {isa = PBXBuildFile; fileRef = 022AB8231DF27EB40063C2A1 /* OAStackViewDistributionStrategy.m */; };
		022AB8301DF27EB40063C2A1 /* OATransformLayer.m in Sources */ = {isa = PBXBuildFile; fileRef = 022AB8261DF27EB40063C2A1 /* OATransformLayer.m */; };
/* End PBXBuildFile section */

/* Begin PBXCopyFilesBuildPhase section */
		02388CA11BFB0966008D6ECD /* CopyFiles */ = {
			isa = PBXCopyFilesBuildPhase;
			buildActionMask = 2147483647;
			dstPath = "include/$(PRODUCT_NAME)";
			dstSubfolderSpec = 16;
			files = (
			);
			runOnlyForDeploymentPostprocessing = 0;
		};
/* End PBXCopyFilesBuildPhase section */

/* Begin PBXFileReference section */
		022AB8141DF27EB40063C2A1 /* _OALayoutGuide.h */ = {isa = PBXFileReference; fileEncoding = 4; lastKnownFileType = sourcecode.c.h; name = _OALayoutGuide.h; path = Pod/Classes/_OALayoutGuide.h; sourceTree = "<group>"; };
		022AB8151DF27EB40063C2A1 /* _OALayoutGuide.m */ = {isa = PBXFileReference; fileEncoding = 4; lastKnownFileType = sourcecode.c.objc; name = _OALayoutGuide.m; path = Pod/Classes/_OALayoutGuide.m; sourceTree = "<group>"; };
		022AB8161DF27EB40063C2A1 /* OAStackView.h */ = {isa = PBXFileReference; fileEncoding = 4; lastKnownFileType = sourcecode.c.h; name = OAStackView.h; path = Pod/Classes/OAStackView.h; sourceTree = "<group>"; };
		022AB8171DF27EB40063C2A1 /* OAStackView.m */ = {isa = PBXFileReference; fileEncoding = 4; lastKnownFileType = sourcecode.c.objc; name = OAStackView.m; path = Pod/Classes/OAStackView.m; sourceTree = "<group>"; };
		022AB8181DF27EB40063C2A1 /* OAStackView+Constraint.h */ = {isa = PBXFileReference; fileEncoding = 4; lastKnownFileType = sourcecode.c.h; name = "OAStackView+Constraint.h"; path = "Pod/Classes/OAStackView+Constraint.h"; sourceTree = "<group>"; };
		022AB8191DF27EB40063C2A1 /* OAStackView+Constraint.m */ = {isa = PBXFileReference; fileEncoding = 4; lastKnownFileType = sourcecode.c.objc; name = "OAStackView+Constraint.m"; path = "Pod/Classes/OAStackView+Constraint.m"; sourceTree = "<group>"; };
		022AB81A1DF27EB40063C2A1 /* OAStackView+Hiding.h */ = {isa = PBXFileReference; fileEncoding = 4; lastKnownFileType = sourcecode.c.h; name = "OAStackView+Hiding.h"; path = "Pod/Classes/OAStackView+Hiding.h"; sourceTree = "<group>"; };
		022AB81B1DF27EB40063C2A1 /* OAStackView+Hiding.m */ = {isa = PBXFileReference; fileEncoding = 4; lastKnownFileType = sourcecode.c.objc; name = "OAStackView+Hiding.m"; path = "Pod/Classes/OAStackView+Hiding.m"; sourceTree = "<group>"; };
		022AB81C1DF27EB40063C2A1 /* OAStackView+Traversal.h */ = {isa = PBXFileReference; fileEncoding = 4; lastKnownFileType = sourcecode.c.h; name = "OAStackView+Traversal.h"; path = "Pod/Classes/OAStackView+Traversal.h"; sourceTree = "<group>"; };
		022AB81D1DF27EB40063C2A1 /* OAStackView+Traversal.m */ = {isa = PBXFileReference; fileEncoding = 4; lastKnownFileType = sourcecode.c.objc; name = "OAStackView+Traversal.m"; path = "Pod/Classes/OAStackView+Traversal.m"; sourceTree = "<group>"; };
		022AB81E1DF27EB40063C2A1 /* OAStackViewAlignmentStrategy.h */ = {isa = PBXFileReference; fileEncoding = 4; lastKnownFileType = sourcecode.c.h; name = OAStackViewAlignmentStrategy.h; path = Pod/Classes/OAStackViewAlignmentStrategy.h; sourceTree = "<group>"; };
		022AB81F1DF27EB40063C2A1 /* OAStackViewAlignmentStrategy.m */ = {isa = PBXFileReference; fileEncoding = 4; lastKnownFileType = sourcecode.c.objc; name = OAStackViewAlignmentStrategy.m; path = Pod/Classes/OAStackViewAlignmentStrategy.m; sourceTree = "<group>"; };
		022AB8201DF27EB40063C2A1 /* OAStackViewAlignmentStrategyBaseline.h */ = {isa = PBXFileReference; fileEncoding = 4; lastKnownFileType = sourcecode.c.h; name = OAStackViewAlignmentStrategyBaseline.h; path = Pod/Classes/OAStackViewAlignmentStrategyBaseline.h; sourceTree = "<group>"; };
		022AB8211DF27EB40063C2A1 /* OAStackViewAlignmentStrategyBaseline.m */ = {isa = PBXFileReference; fileEncoding = 4; lastKnownFileType = sourcecode.c.objc; name = OAStackViewAlignmentStrategyBaseline.m; path = Pod/Classes/OAStackViewAlignmentStrategyBaseline.m; sourceTree = "<group>"; };
		022AB8221DF27EB40063C2A1 /* OAStackViewDistributionStrategy.h */ = {isa = PBXFileReference; fileEncoding = 4; lastKnownFileType = sourcecode.c.h; name = OAStackViewDistributionStrategy.h; path = Pod/Classes/OAStackViewDistributionStrategy.h; sourceTree = "<group>"; };
		022AB8231DF27EB40063C2A1 /* OAStackViewDistributionStrategy.m */ = {isa = PBXFileReference; fileEncoding = 4; lastKnownFileType = sourcecode.c.objc; name = OAStackViewDistributionStrategy.m; path = Pod/Classes/OAStackViewDistributionStrategy.m; sourceTree = "<group>"; };
		022AB8251DF27EB40063C2A1 /* OATransformLayer.h */ = {isa = PBXFileReference; fileEncoding = 4; lastKnownFileType = sourcecode.c.h; name = OATransformLayer.h; path = Pod/Classes/OATransformLayer.h; sourceTree = "<group>"; };
		022AB8261DF27EB40063C2A1 /* OATransformLayer.m */ = {isa = PBXFileReference; fileEncoding = 4; lastKnownFileType = sourcecode.c.objc; name = OATransformLayer.m; path = Pod/Classes/OATransformLayer.m; sourceTree = "<group>"; };
		02388CA31BFB0966008D6ECD /* libOAStackView.a */ = {isa = PBXFileReference; explicitFileType = archive.ar; includeInIndex = 0; path = libOAStackView.a; sourceTree = BUILT_PRODUCTS_DIR; };
/* End PBXFileReference section */

/* Begin PBXFrameworksBuildPhase section */
		02388CA01BFB0966008D6ECD /* Frameworks */ = {
			isa = PBXFrameworksBuildPhase;
			buildActionMask = 2147483647;
			files = (
			);
			runOnlyForDeploymentPostprocessing = 0;
		};
/* End PBXFrameworksBuildPhase section */

/* Begin PBXGroup section */
		02388C9A1BFB0966008D6ECD = {
			isa = PBXGroup;
			children = (
				02388CA51BFB0966008D6ECD /* OAStackView */,
				02388CA41BFB0966008D6ECD /* Products */,
			);
			sourceTree = "<group>";
		};
		02388CA41BFB0966008D6ECD /* Products */ = {
			isa = PBXGroup;
			children = (
				02388CA31BFB0966008D6ECD /* libOAStackView.a */,
			);
			name = Products;
			sourceTree = "<group>";
		};
		02388CA51BFB0966008D6ECD /* OAStackView */ = {
			isa = PBXGroup;
			children = (
				022AB8141DF27EB40063C2A1 /* _OALayoutGuide.h */,
				022AB8151DF27EB40063C2A1 /* _OALayoutGuide.m */,
				022AB8161DF27EB40063C2A1 /* OAStackView.h */,
				022AB8171DF27EB40063C2A1 /* OAStackView.m */,
				022AB8181DF27EB40063C2A1 /* OAStackView+Constraint.h */,
				022AB8191DF27EB40063C2A1 /* OAStackView+Constraint.m */,
				022AB81A1DF27EB40063C2A1 /* OAStackView+Hiding.h */,
				022AB81B1DF27EB40063C2A1 /* OAStackView+Hiding.m */,
				022AB81C1DF27EB40063C2A1 /* OAStackView+Traversal.h */,
				022AB81D1DF27EB40063C2A1 /* OAStackView+Traversal.m */,
				022AB81E1DF27EB40063C2A1 /* OAStackViewAlignmentStrategy.h */,
				022AB81F1DF27EB40063C2A1 /* OAStackViewAlignmentStrategy.m */,
				022AB8201DF27EB40063C2A1 /* OAStackViewAlignmentStrategyBaseline.h */,
				022AB8211DF27EB40063C2A1 /* OAStackViewAlignmentStrategyBaseline.m */,
				022AB8221DF27EB40063C2A1 /* OAStackViewDistributionStrategy.h */,
				022AB8231DF27EB40063C2A1 /* OAStackViewDistributionStrategy.m */,
				022AB8251DF27EB40063C2A1 /* OATransformLayer.h */,
				022AB8261DF27EB40063C2A1 /* OATransformLayer.m */,
			);
			path = OAStackView;
			sourceTree = "<group>";
		};
/* End PBXGroup section */

/* Begin PBXNativeTarget section */
		02388CA21BFB0966008D6ECD /* OAStackView */ = {
			isa = PBXNativeTarget;
			buildConfigurationList = 02388CB71BFB0966008D6ECD /* Build configuration list for PBXNativeTarget "OAStackView" */;
			buildPhases = (
				02388C9F1BFB0966008D6ECD /* Sources */,
				02388CA01BFB0966008D6ECD /* Frameworks */,
				02388CA11BFB0966008D6ECD /* CopyFiles */,
			);
			buildRules = (
			);
			dependencies = (
			);
			name = OAStackView;
			productName = OAStackView;
			productReference = 02388CA31BFB0966008D6ECD /* libOAStackView.a */;
			productType = "com.apple.product-type.library.static";
		};
/* End PBXNativeTarget section */

/* Begin PBXProject section */
		02388C9B1BFB0966008D6ECD /* Project object */ = {
			isa = PBXProject;
			attributes = {
				LastUpgradeCheck = 0640;
				ORGANIZATIONNAME = "Yufei Huang";
				TargetAttributes = {
					02388CA21BFB0966008D6ECD = {
						CreatedOnToolsVersion = 6.4;
						LastSwiftMigration = 0810;
					};
				};
			};
			buildConfigurationList = 02388C9E1BFB0966008D6ECD /* Build configuration list for PBXProject "OAStackView" */;
			compatibilityVersion = "Xcode 3.2";
			developmentRegion = English;
			hasScannedForEncodings = 0;
			knownRegions = (
				en,
			);
			mainGroup = 02388C9A1BFB0966008D6ECD;
			productRefGroup = 02388CA41BFB0966008D6ECD /* Products */;
			projectDirPath = "";
			projectRoot = "";
			targets = (
				02388CA21BFB0966008D6ECD /* OAStackView */,
			);
		};
/* End PBXProject section */

/* Begin PBXSourcesBuildPhase section */
		02388C9F1BFB0966008D6ECD /* Sources */ = {
			isa = PBXSourcesBuildPhase;
			buildActionMask = 2147483647;
			files = (
				022AB82E1DF27EB40063C2A1 /* OAStackViewDistributionStrategy.m in Sources */,
				022AB8271DF27EB40063C2A1 /* _OALayoutGuide.m in Sources */,
				022AB8281DF27EB40063C2A1 /* OAStackView.m in Sources */,
				022AB82D1DF27EB40063C2A1 /* OAStackViewAlignmentStrategyBaseline.m in Sources */,
				022AB8301DF27EB40063C2A1 /* OATransformLayer.m in Sources */,
				022AB82C1DF27EB40063C2A1 /* OAStackViewAlignmentStrategy.m in Sources */,
				022AB82B1DF27EB40063C2A1 /* OAStackView+Traversal.m in Sources */,
				022AB82A1DF27EB40063C2A1 /* OAStackView+Hiding.m in Sources */,
				022AB8291DF27EB40063C2A1 /* OAStackView+Constraint.m in Sources */,
			);
			runOnlyForDeploymentPostprocessing = 0;
		};
/* End PBXSourcesBuildPhase section */

/* Begin XCBuildConfiguration section */
		02388CB51BFB0966008D6ECD /* Debug */ = {
			isa = XCBuildConfiguration;
			buildSettings = {
				ALWAYS_SEARCH_USER_PATHS = NO;
				CLANG_CXX_LANGUAGE_STANDARD = "gnu++0x";
				CLANG_CXX_LIBRARY = "libc++";
				CLANG_ENABLE_MODULES = YES;
				CLANG_ENABLE_OBJC_ARC = YES;
				CLANG_WARN_BOOL_CONVERSION = YES;
				CLANG_WARN_CONSTANT_CONVERSION = YES;
				CLANG_WARN_DIRECT_OBJC_ISA_USAGE = YES_ERROR;
				CLANG_WARN_EMPTY_BODY = YES;
				CLANG_WARN_ENUM_CONVERSION = YES;
				CLANG_WARN_INT_CONVERSION = YES;
				CLANG_WARN_OBJC_ROOT_CLASS = YES_ERROR;
				CLANG_WARN_UNREACHABLE_CODE = YES;
				CLANG_WARN__DUPLICATE_METHOD_MATCH = YES;
				COPY_PHASE_STRIP = NO;
				DEBUG_INFORMATION_FORMAT = "dwarf-with-dsym";
				ENABLE_STRICT_OBJC_MSGSEND = YES;
				GCC_C_LANGUAGE_STANDARD = gnu99;
				GCC_DYNAMIC_NO_PIC = NO;
				GCC_NO_COMMON_BLOCKS = YES;
				GCC_OPTIMIZATION_LEVEL = 0;
				GCC_PREPROCESSOR_DEFINITIONS = (
					"DEBUG=1",
					"$(inherited)",
				);
				GCC_SYMBOLS_PRIVATE_EXTERN = NO;
				GCC_WARN_64_TO_32_BIT_CONVERSION = YES;
				GCC_WARN_ABOUT_RETURN_TYPE = YES_ERROR;
				GCC_WARN_UNDECLARED_SELECTOR = YES;
				GCC_WARN_UNINITIALIZED_AUTOS = YES_AGGRESSIVE;
				GCC_WARN_UNUSED_FUNCTION = YES;
				GCC_WARN_UNUSED_VARIABLE = YES;
				IPHONEOS_DEPLOYMENT_TARGET = 8.4;
				MTL_ENABLE_DEBUG_INFO = YES;
				ONLY_ACTIVE_ARCH = YES;
				SDKROOT = iphoneos;
			};
			name = Debug;
		};
		02388CB61BFB0966008D6ECD /* Release */ = {
			isa = XCBuildConfiguration;
			buildSettings = {
				ALWAYS_SEARCH_USER_PATHS = NO;
				CLANG_CXX_LANGUAGE_STANDARD = "gnu++0x";
				CLANG_CXX_LIBRARY = "libc++";
				CLANG_ENABLE_MODULES = YES;
				CLANG_ENABLE_OBJC_ARC = YES;
				CLANG_WARN_BOOL_CONVERSION = YES;
				CLANG_WARN_CONSTANT_CONVERSION = YES;
				CLANG_WARN_DIRECT_OBJC_ISA_USAGE = YES_ERROR;
				CLANG_WARN_EMPTY_BODY = YES;
				CLANG_WARN_ENUM_CONVERSION = YES;
				CLANG_WARN_INT_CONVERSION = YES;
				CLANG_WARN_OBJC_ROOT_CLASS = YES_ERROR;
				CLANG_WARN_UNREACHABLE_CODE = YES;
				CLANG_WARN__DUPLICATE_METHOD_MATCH = YES;
				COPY_PHASE_STRIP = NO;
				DEBUG_INFORMATION_FORMAT = "dwarf-with-dsym";
				ENABLE_NS_ASSERTIONS = NO;
				ENABLE_STRICT_OBJC_MSGSEND = YES;
				GCC_C_LANGUAGE_STANDARD = gnu99;
				GCC_NO_COMMON_BLOCKS = YES;
				GCC_WARN_64_TO_32_BIT_CONVERSION = YES;
				GCC_WARN_ABOUT_RETURN_TYPE = YES_ERROR;
				GCC_WARN_UNDECLARED_SELECTOR = YES;
				GCC_WARN_UNINITIALIZED_AUTOS = YES_AGGRESSIVE;
				GCC_WARN_UNUSED_FUNCTION = YES;
				GCC_WARN_UNUSED_VARIABLE = YES;
				IPHONEOS_DEPLOYMENT_TARGET = 8.4;
				MTL_ENABLE_DEBUG_INFO = NO;
				SDKROOT = iphoneos;
				VALIDATE_PRODUCT = YES;
			};
			name = Release;
		};
		02388CB81BFB0966008D6ECD /* Debug */ = {
			isa = XCBuildConfiguration;
			buildSettings = {
				CLANG_ENABLE_MODULES = YES;
				CODE_SIGN_IDENTITY = "iPhone Developer";
				LD_RUNPATH_SEARCH_PATHS = "$(inherited) @executable_path/Frameworks @loader_path/Frameworks";
				OTHER_LDFLAGS = "-ObjC";
				PRODUCT_NAME = "$(TARGET_NAME)";
				SKIP_INSTALL = YES;
				SWIFT_OPTIMIZATION_LEVEL = "-Onone";
				SWIFT_VERSION = 3.0;
			};
			name = Debug;
		};
		02388CB91BFB0966008D6ECD /* Release */ = {
			isa = XCBuildConfiguration;
			buildSettings = {
				CLANG_ENABLE_MODULES = YES;
				CODE_SIGN_IDENTITY = "iPhone Developer";
				LD_RUNPATH_SEARCH_PATHS = "$(inherited) @executable_path/Frameworks @loader_path/Frameworks";
				OTHER_LDFLAGS = "-ObjC";
				PRODUCT_NAME = "$(TARGET_NAME)";
				SKIP_INSTALL = YES;
				SWIFT_VERSION = 3.0;
			};
			name = Release;
		};
/* End XCBuildConfiguration section */

/* Begin XCConfigurationList section */
		02388C9E1BFB0966008D6ECD /* Build configuration list for PBXProject "OAStackView" */ = {
			isa = XCConfigurationList;
			buildConfigurations = (
				02388CB51BFB0966008D6ECD /* Debug */,
				02388CB61BFB0966008D6ECD /* Release */,
			);
			defaultConfigurationIsVisible = 0;
			defaultConfigurationName = Release;
		};
		02388CB71BFB0966008D6ECD /* Build configuration list for PBXNativeTarget "OAStackView" */ = {
			isa = XCConfigurationList;
			buildConfigurations = (
				02388CB81BFB0966008D6ECD /* Debug */,
				02388CB91BFB0966008D6ECD /* Release */,
			);
			defaultConfigurationIsVisible = 0;
			defaultConfigurationName = Release;
		};
/* End XCConfigurationList section */
	};
	rootObject = 02388C9B1BFB0966008D6ECD /* Project object */;
}
